{
  "name": "test",
  "lockfileVersion": 3,
  "requires": true,
  "packages": {
    "": {
      "dependencies": {
        "@cometchat-pro/chat": "^3.0.13"
      }
    },
    "node_modules/@cometchat-pro/chat": {
      "version": "3.0.13",
      "resolved": "https://registry.npmjs.org/@cometchat-pro/chat/-/chat-3.0.13.tgz",
      "integrity": "sha512-Cb3L9lUA+7Dra8gf0gHJJKYhBYnxwLfksTS1WbhL3SchNUvmZOGrDpji3zjkSv+I7E7Hth6gV83SphGXa0Fx1Q==",
      "license": "SEE LICENSE IN LICENSE.md"
    }
  }
}
